{
  "name": "shared",
  "version": "1.0.0",
  "lockfileVersion": 1,
  "requires": true,
  "dependencies": {
    "@geckos.io/typed-array-buffer-schema": {
      "version": "1.0.2",
      "resolved": "https://registry.npmjs.org/@geckos.io/typed-array-buffer-schema/-/typed-array-buffer-schema-1.0.2.tgz",
      "integrity": "sha512-FbXn/zfr/deDjAMMgi3FRZqE0xza9N273TXS6bx66XAk1m7ga3n/YQ8l02fd1IjstAffNkNJ4BESE8647P+4wA==",
      "requires": {
        "lodash": "^4.17.19"
      }
    },
    "lodash": {
      "version": "4.17.20",
      "resolved": "https://registry.npmjs.org/lodash/-/lodash-4.17.20.tgz",
      "integrity": "sha512-PlhdFcillOINfeV7Ni6oF1TAEayyZBoZ8bcshTHqOYJYlrqzRK5hagpagky5o4HfCzzd1TRkXPMFq6cKk9rGmA=="
    },
    "pluralize": {
      "version": "8.0.0",
      "resolved": "https://registry.npmjs.org/pluralize/-/pluralize-8.0.0.tgz",
      "integrity": "sha512-Nc3IT5yHzflTfbjgqWcCPpo7DaKy4FnpB0l/zCAW0Tc7jxAiuqSxHasntB3D7887LSrA93kDJ9IXovxJYxyLCA=="
    }
  }
}
